{
    "_meta": {
        "hash": {
            "sha256": "5e93f7ba14b18cae72bdb3cbffcf58944e973c3e01c29374a438a1ef026315c4"
        },
        "pipfile-spec": 6,
        "requires": {
            "python_version": "3.10"
        },
        "sources": [
            {
                "name": "pypi",
                "url": "https://pypi.org/simple",
                "verify_ssl": true
            }
        ]
    },
    "default": {
        "numpy": {
            "hashes": [
                "sha256:06fa1ed84aa60ea6ef9f91ba57b5ed963c3729534e6e54055fc151fad0423f0a",
                "sha256:174a8880739c16c925799c018f3f55b8130c1f7c8e75ab0a6fa9d41cab092fd6",
                "sha256:1a13860fdcd95de7cf58bd6f8bc5a5ef81c0b0625eb2c9a783948847abbef2c2",
                "sha256:1cc3d5029a30fb5f06704ad6b23b35e11309491c999838c31f124fee32107c79",
                "sha256:22f8fc02fdbc829e7a8c578dd8d2e15a9074b630d4da29cda483337e300e3ee9",
                "sha256:26c9d33f8e8b846d5a65dd068c14e04018d05533b348d9eaeef6c1bd787f9919",
                "sha256:2b3fca8a5b00184828d12b073af4d0fc5fdd94b1632c2477526f6bd7842d700d",
                "sha256:2beef57fb031dcc0dc8fa4fe297a742027b954949cabb52a2a376c144e5e6060",
                "sha256:36340109af8da8805d8851ef1d74761b3b88e81a9bd80b290bbfed61bd2b4f75",
                "sha256:3703fc9258a4a122d17043e57b35e5ef1c5a5837c3db8be396c82e04c1cf9b0f",
                "sha256:3ced40d4e9e18242f70dd02d739e44698df3dcb010d31f495ff00a31ef6014fe",
                "sha256:4a06263321dfd3598cacb252f51e521a8cb4b6df471bb12a7ee5cbab20ea9167",
                "sha256:4eb8df4bf8d3d90d091e0146f6c28492b0be84da3e409ebef54349f71ed271ef",
                "sha256:5d5244aabd6ed7f312268b9247be47343a654ebea52a60f002dc70c769048e75",
                "sha256:64308ebc366a8ed63fd0bf426b6a9468060962f1a4339ab1074c228fa6ade8e3",
                "sha256:6a3cdb4d9c70e6b8c0814239ead47da00934666f668426fc6e94cce869e13fd7",
                "sha256:854ab91a2906ef29dc3925a064fcd365c7b4da743f84b123002f6139bcb3f8a7",
                "sha256:94cc3c222bb9fb5a12e334d0479b97bb2df446fbe622b470928f5284ffca3f8d",
                "sha256:96ca5482c3dbdd051bcd1fce8034603d6ebfc125a7bd59f55b40d8f5d246832b",
                "sha256:a2bbc29fcb1771cd7b7425f98b05307776a6baf43035d3b80c4b0f29e9545186",
                "sha256:a4cd6ed4a339c21f1d1b0fdf13426cb3b284555c27ac2f156dfdaaa7e16bfab0",
                "sha256:aa18428111fb9a591d7a9cc1b48150097ba6a7e8299fb56bdf574df650e7d1f1",
                "sha256:aa317b2325f7aa0a9471663e6093c210cb2ae9c0ad824732b307d2c51983d5b6",
                "sha256:b04f5dc6b3efdaab541f7857351aac359e6ae3c126e2edb376929bd3b7f92d7e",
                "sha256:b272d4cecc32c9e19911891446b72e986157e6a1809b7b56518b4f3755267523",
                "sha256:b361d369fc7e5e1714cf827b731ca32bff8d411212fccd29ad98ad622449cc36",
                "sha256:b96e7b9c624ef3ae2ae0e04fa9b460f6b9f17ad8b4bec6d7756510f1f6c0c841",
                "sha256:baf8aab04a2c0e859da118f0b38617e5ee65d75b83795055fb66c0d5e9e9b818",
                "sha256:bcc008217145b3d77abd3e4d5ef586e3bdfba8fe17940769f8aa09b99e856c00",
                "sha256:bd3f0091e845164a20bd5a326860c840fe2af79fa12e0469a12768a3ec578d80",
                "sha256:cc392fdcbd21d4be6ae1bb4475a03ce3b025cd49a9be5345d76d7585aea69440",
                "sha256:d73a3abcac238250091b11caef9ad12413dab01669511779bc9b29261dd50210",
                "sha256:f43740ab089277d403aa07567be138fc2a89d4d9892d113b76153e0e412409f8",
                "sha256:f65738447676ab5777f11e6bbbdb8ce11b785e105f690bc45966574816b6d3ea",
                "sha256:f79b231bf5c16b1f39c7f4875e1ded36abee1591e98742b05d8a0fb55d8a3eec",
                "sha256:fe6b44fb8fcdf7eda4ef4461b97b3f63c466b27ab151bec2366db8b197387841"
            ],
            "markers": "python_version < '3.11'",
            "version": "==1.26.2"
        },
        "pandas": {
            "hashes": [
                "sha256:0296a66200dee556850d99b24c54c7dfa53a3264b1ca6f440e42bad424caea03",
                "sha256:04d4c58e1f112a74689da707be31cf689db086949c71828ef5da86727cfe3f82",
                "sha256:08637041279b8981a062899da0ef47828df52a1838204d2b3761fbd3e9fcb549",
                "sha256:11a771450f36cebf2a4c9dbd3a19dfa8c46c4b905a3ea09dc8e556626060fe71",
                "sha256:1329dbe93a880a3d7893149979caa82d6ba64a25e471682637f846d9dbc10dd2",
                "sha256:1f539e113739a3e0cc15176bf1231a553db0239bfa47a2c870283fd93ba4f683",
                "sha256:22929f84bca106921917eb73c1521317ddd0a4c71b395bcf767a106e3494209f",
                "sha256:321ecdb117bf0f16c339cc6d5c9a06063854f12d4d9bc422a84bb2ed3207380a",
                "sha256:35172bff95f598cc5866c047f43c7f4df2c893acd8e10e6653a4b792ed7f19bb",
                "sha256:3cc4469ff0cf9aa3a005870cb49ab8969942b7156e0a46cc3f5abd6b11051dfb",
                "sha256:4441ac94a2a2613e3982e502ccec3bdedefe871e8cea54b8775992485c5660ef",
                "sha256:465571472267a2d6e00657900afadbe6097c8e1dc43746917db4dfc862e8863e",
                "sha256:59dfe0e65a2f3988e940224e2a70932edc964df79f3356e5f2997c7d63e758b4",
                "sha256:72c84ec1b1d8e5efcbff5312abe92bfb9d5b558f11e0cf077f5496c4f4a3c99e",
                "sha256:7cf4cf26042476e39394f1f86868d25b265ff787c9b2f0d367280f11afbdee6d",
                "sha256:7fa2ad4ff196768ae63a33f8062e6838efed3a319cf938fdf8b95e956c813042",
                "sha256:a5d53c725832e5f1645e7674989f4c106e4b7249c1d57549023ed5462d73b140",
                "sha256:acf08a73b5022b479c1be155d4988b72f3020f308f7a87c527702c5f8966d34f",
                "sha256:b99c4e51ef2ed98f69099c72c75ec904dd610eb41a32847c4fcbc1a975f2d2b8",
                "sha256:d5ded6ff28abbf0ea7689f251754d3789e1edb0c4d0d91028f0b980598418a58",
                "sha256:de21e12bf1511190fc1e9ebc067f14ca09fccfb189a813b38d63211d54832f5f",
                "sha256:f7ea8ae8004de0381a2376662c0505bb0a4f679f4c61fbfd122aa3d1b0e5f09d",
                "sha256:fc77309da3b55732059e484a1efc0897f6149183c522390772d3561f9bf96c00",
                "sha256:fca5680368a5139d4920ae3dc993eb5106d49f814ff24018b64d8850a52c6ed2",
                "sha256:fcd76d67ca2d48f56e2db45833cf9d58f548f97f61eecd3fdc74268417632b8a"
            ],
            "index": "pypi",
            "markers": "python_version >= '3.9'",
            "version": "==2.1.3"
        },
        "pyqt5": {
            "hashes": [
                "sha256:501355f327e9a2c38db0428e1a236d25ebcb99304cd6e668c05d1188d514adec",
                "sha256:862cea3be95b4b0a2b9678003b3a18edf7bd5eafd673860f58820f246d4bf616",
                "sha256:93288d62ebd47b1933d80c27f5d43c7c435307b84d480af689cef2474e87e4c8",
                "sha256:b89478d16d4118664ff58ed609e0a804d002703c9420118de7e4e70fa1cb5486",
                "sha256:d46b7804b1b10a4ff91753f8113e5b5580d2b4462f3226288e2d84497334898a",
                "sha256:ff99b4f91aa8eb60510d5889faad07116d3340041916e46c07d519f7cad344e1"
            ],
            "index": "pypi",
            "markers": "python_version >= '3.7'",
            "version": "==5.15.10"
        },
        "pyqt5-qt5": {
            "hashes": [
                "sha256:1988f364ec8caf87a6ee5d5a3a5210d57539988bf8e84714c7d60972692e2f4a",
                "sha256:750b78e4dba6bdf1607febedc08738e318ea09e9b10aea9ff0d73073f11f6962",
                "sha256:76980cd3d7ae87e3c7a33bfebfaee84448fd650bad6840471d6cae199b56e154",
                "sha256:9cc7a768b1921f4b982ebc00a318ccb38578e44e45316c7a4a850e953e1dd327"
            ],
            "version": "==5.15.2"
        },
        "pyqt5-sip": {
            "hashes": [
                "sha256:0f85fb633a522f04e48008de49dce1ff1d947011b48885b8428838973fbca412",
                "sha256:108a15f603e1886988c4b0d9d41cb74c9f9815bf05cefc843d559e8c298a10ce",
                "sha256:1c8371682f77852256f1f2d38c41e2e684029f43330f0635870895ab01c02f6c",
                "sha256:205cd449d08a2b024a468fb6100cd7ed03e946b4f49706f508944006f955ae1a",
                "sha256:29fa9cc964517c9fc3f94f072b9a2aeef4e7a2eda1879cb835d9e06971161cdf",
                "sha256:3188a06956aef86f604fb0d14421a110fad70d2a9e943dbacbfc3303f651dade",
                "sha256:3a4498f3b1b15f43f5d12963accdce0fd652b0bcaae6baf8008663365827444c",
                "sha256:5338773bbaedaa4f16a73c142fb23cc18c327be6c338813af70260b756c7bc92",
                "sha256:6e4ac714252370ca037c7d609da92388057165edd4f94e63354f6d65c3ed9d53",
                "sha256:773731b1b5ab1a7cf5621249f2379c95e3d2905e9bd96ff3611b119586daa876",
                "sha256:7f321daf84b9c9dbca61b80e1ef37bdaffc0e93312edae2cd7da25b953971d91",
                "sha256:7fe3375b508c5bc657d73b9896bba8a768791f1f426c68053311b046bcebdddf",
                "sha256:96414c93f3d33963887cf562d50d88b955121fbfd73f937c8eca46643e77bf61",
                "sha256:9a8cdd6cb66adcbe5c941723ed1544eba05cf19b6c961851b58ccdae1c894afb",
                "sha256:9b984c2620a7a7eaf049221b09ae50a345317add2624c706c7d2e9e6632a9587",
                "sha256:a7e3623b2c743753625c4650ec7696362a37fb36433b61824cf257f6d3d43cca",
                "sha256:bbc7cd498bf19e0862097be1ad2243e824dea56726f00c11cff1b547c2d31d01",
                "sha256:d5032da3fff62da055104926ffe76fd6044c1221f8ad35bb60804bcb422fe866",
                "sha256:db228cd737f5cbfc66a3c3e50042140cb80b30b52edc5756dbbaa2346ec73137",
                "sha256:ec60162e034c42fb99859206d62b83b74f987d58937b3a82bdc07b5c3d190dec",
                "sha256:fb4a5271fa3f6bc2feb303269a837a95a6d8dd16be553aa40e530de7fb81bfdf"
            ],
            "markers": "python_version >= '3.7'",
            "version": "==12.13.0"
        },
        "pyqt5-stubs": {
            "hashes": [
                "sha256:7fb8177c72489a8911f021b7bd7c33f12c87f6dba92dcef3fdcdb5d9400f0f3f",
                "sha256:91270ac23ebf38a1dc04cd97aa852cd08af82dc839100e5395af1447e3e99707"
            ],
            "index": "pypi",
            "markers": "python_version >= '3.5'",
            "version": "==5.15.6.0"
        },
        "pyqtwebengine": {
            "hashes": [
                "sha256:61d0ceb20025ba4d2d1ce3c2b3a7a43e240069c4203dfc4a8dddfb00923b1d3c",
                "sha256:67110bc9d5b7e633dcc242b8228cc54b1532abc039fdf534b383ac40a60b7ba3",
                "sha256:8c2fce2458e7b781d2cc3070b336f67d39a717c5eef2f823cae501d5d9f200de",
                "sha256:a90c945606683a53c9b264a7509943fd835d50366d535c22ddde952f23d35748",
                "sha256:ae241ef2a61c782939c58b52c2aea53ad99b30f3934c8358d5e0a6ebb3fd0721",
                "sha256:dbd1a768877040050d3159270f5ab95758af4954c4cb4e54195bd3cad519d5b6"
            ],
            "index": "pypi",
            "markers": "python_version >= '3.7'",
            "version": "==5.15.6"
        },
        "pyqtwebengine-qt5": {
            "hashes": [
                "sha256:24231f19e1595018779977de6722b5c69f3d03f34a5f7574ff21cd1e764ef76d",
                "sha256:9e80b408d8de09d4e708d5d84c3ceaf3603292ff8f5e566ae44bb0320fa59c33",
                "sha256:bc7b1fd1f4f8138d59b0b0245d601fb2c5c0aa1e1e7e853b713e52a3165d147e",
                "sha256:ec2acb1780c0124ef060c310e00ca701f388d8b6c35bba9127f7a6f0dc536f77"
            ],
            "version": "==5.15.2"
        },
        "python-dateutil": {
            "hashes": [
                "sha256:0123cacc1627ae19ddf3c27a5de5bd67ee4586fbdd6440d9748f8abb483d3e86",
                "sha256:961d03dc3453ebbc59dbdea9e4e11c5651520a876d0f4db161e8674aae935da9"
            ],
            "markers": "python_version >= '2.7' and python_version not in '3.0, 3.1, 3.2, 3.3'",
            "version": "==2.8.2"
        },
        "pytz": {
            "hashes": [
                "sha256:7b4fddbeb94a1eba4b557da24f19fdf9db575192544270a9101d8509f9f43d7b",
                "sha256:ce42d816b81b68506614c11e8937d3aa9e41007ceb50bfdcb0749b921bf646c7"
            ],
            "version": "==2023.3.post1"
        },
        "six": {
            "hashes": [
                "sha256:1e61c37477a1626458e36f7b1d82aa5c9b094fa4802892072e49de9c60c4c926",
                "sha256:8abb2f1d86890a2dfb989f9a77cfcfd3e47c2a354b01111771326f8aa26e0254"
            ],
            "markers": "python_version >= '2.7' and python_version not in '3.0, 3.1, 3.2, 3.3'",
            "version": "==1.16.0"
        },
        "tzdata": {
            "hashes": [
                "sha256:11ef1e08e54acb0d4f95bdb1be05da659673de4acbd21bf9c69e94cc5e907a3a",
                "sha256:7e65763eef3120314099b6939b5546db7adce1e7d6f2e179e3df563c70511eda"
            ],
            "markers": "python_version >= '2'",
            "version": "==2023.3"
        }
    },
    "develop": {
        "colorama": {
            "hashes": [
                "sha256:08695f5cb7ed6e0531a20572697297273c47b8cae5a63ffc6d6ed5c201be6e44",
                "sha256:4f1d9991f5acc0ca119f9d443620b77f9d6b33703e51011c16baf57afb285fc6"
            ],
            "markers": "sys_platform == 'win32'",
            "version": "==0.4.6"
        },
        "exceptiongroup": {
            "hashes": [
                "sha256:097acd85d473d75af5bb98e41b61ff7fe35efe6675e4f9370ec6ec5126d160e9",
                "sha256:343280667a4585d195ca1cf9cef84a4e178c4b6cf2274caef9859782b567d5e3"
            ],
            "markers": "python_version < '3.11'",
            "version": "==1.1.3"
        },
        "iniconfig": {
            "hashes": [
                "sha256:2d91e135bf72d31a410b17c16da610a82cb55f6b0477d1a902134b24a455b8b3",
                "sha256:b6a85871a79d2e3b22d2d1b94ac2824226a63c6b741c88f7ae975f18b6778374"
            ],
            "markers": "python_version >= '3.7'",
            "version": "==2.0.0"
        },
        "packaging": {
            "hashes": [
                "sha256:048fb0e9405036518eaaf48a55953c750c11e1a1b68e0dd1a9d62ed0c092cfc5",
                "sha256:8c491190033a9af7e1d931d0b5dacc2ef47509b34dd0de67ed209b5203fc88c7"
            ],
            "markers": "python_version >= '3.7'",
            "version": "==23.2"
        },
        "pluggy": {
            "hashes": [
                "sha256:cf61ae8f126ac6f7c451172cf30e3e43d3ca77615509771b3a984a0730651e12",
                "sha256:d89c696a773f8bd377d18e5ecda92b7a3793cbe66c87060a6fb58c7b6e1061f7"
            ],
            "markers": "python_version >= '3.8'",
            "version": "==1.3.0"
        },
        "pytest": {
            "hashes": [
                "sha256:0d009c083ea859a71b76adf7c1d502e4bc170b80a8ef002da5806527b9591fac",
                "sha256:d989d136982de4e3b29dabcc838ad581c64e8ed52c11fbe86ddebd9da0818cd5"
            ],
            "index": "pypi",
            "markers": "python_version >= '3.7'",
            "version": "==7.4.3"
        },
        "tomli": {
            "hashes": [
                "sha256:939de3e7a6161af0c887ef91b7d41a53e7c5a1ca976325f429cb46ea9bc30ecc",
                "sha256:de526c12914f0c550d15924c62d72abc48d6fe7364aa87328337a31007fe8a4f"
            ],
            "markers": "python_version < '3.11'",
            "version": "==2.0.1"
        }
    }
}
